{
  "name": "unnamed-project",
  "lockfileVersion": 3,
  "requires": true,
  "packages": {
    "": {
      "name": "unnamed-project",
      "dependencies": {
        "ag-charts-react": "^13.1.0"
      },
      "devDependencies": {
        "@types/node": "^25.6.0"
      },
      "engines": {
        "node": ">=20.0.0"
      }
    },
    "node_modules/@types/node": {
      "version": "25.6.0",
      "resolved": "https://registry.npmjs.org/@types/node/-/node-25.6.0.tgz",
      "integrity": "sha512-+qIYRKdNYJwY3vRCZMdJbPLJAtGjQBudzZzdzwQYkEPQd+PJGixUL5QfvCLDaULoLv+RhT3LDkwEfKaAkgSmNQ==",
      "dev": true,
      "license": "MIT",
      "dependencies": {
        "undici-types": "~7.19.0"
      }
    },
    "node_modules/ag-charts-community": {
      "version": "13.1.0",
      "resolved": "https://registry.npmjs.org/ag-charts-community/-/ag-charts-community-13.1.0.tgz",
      "integrity": "sha512-w+uFTjxlAoTq1+8tgUORtB/zr9jm38ibXzbbWnkBP9Dep9yahi5a1jZL7yExAX35uq3g9QtjTh0Oj/QPDBQ9Ew==",
      "license": "MIT",
      "dependencies": {
        "ag-charts-core": "13.1.0",
        "ag-charts-locale": "13.1.0",
        "ag-charts-types": "13.1.0"
      }
    },
    "node_modules/ag-charts-core": {
      "version": "13.1.0",
      "resolved": "https://registry.npmjs.org/ag-charts-core/-/ag-charts-core-13.1.0.tgz",
      "integrity": "sha512-mLHJZ8oU5CPeLRURescdISCtMsiiA/m4d1iBr6aQBEgiTVogRMGpFpsYNtQiYtoW2sRh+62I9sN8fhC3JQjX/g==",
      "license": "MIT",
      "dependencies": {
        "ag-charts-types": "13.1.0"
      }
    },
    "node_modules/ag-charts-locale": {
      "version": "13.1.0",
      "resolved": "https://registry.npmjs.org/ag-charts-locale/-/ag-charts-locale-13.1.0.tgz",
      "integrity": "sha512-mPgJnVsOI4Cf17CAlRh8BvLz19e165sdQJeUXNaB7M+DPB+pxODOcfx4oqZlR4Wc8Zu++TGb/2ueHa/aeV2qeQ==",
      "license": "MIT"
    },
    "node_modules/ag-charts-react": {
      "version": "13.1.0",
      "resolved": "https://registry.npmjs.org/ag-charts-react/-/ag-charts-react-13.1.0.tgz",
      "integrity": "sha512-Ke+Ra/k+Yr0OK2JY0YA4+P50yLydRP+8oZzHYX1ulkbTTzFmMkSFZJVXtgCkBsTxq7S1P+lymEG/RWg+eIcCmQ==",
      "license": "MIT",
      "dependencies": {
        "ag-charts-community": "13.1.0"
      },
      "peerDependencies": {
        "react": "^18.0.0 || ^19.0.0"
      }
    },
    "node_modules/ag-charts-types": {
      "version": "13.1.0",
      "resolved": "https://registry.npmjs.org/ag-charts-types/-/ag-charts-types-13.1.0.tgz",
      "integrity": "sha512-DytRM3CXli+Y013SC1Mr8lQBrhVTACK+11ilDHOhwUM0sRpmGuR51XFGcBKOliW1Vas1AycP31Cm3Pp0jx3hqw==",
      "license": "MIT"
    },
    "node_modules/react": {
      "version": "19.2.4",
      "resolved": "https://registry.npmjs.org/react/-/react-19.2.4.tgz",
      "integrity": "sha512-9nfp2hYpCwOjAN+8TZFGhtWEwgvWHXqESH8qT89AT/lWklpLON22Lc8pEtnpsZz7VmawabSU0gCjnj8aC0euHQ==",
      "license": "MIT",
      "peer": true,
      "engines": {
        "node": ">=0.10.0"
      }
    },
    "node_modules/undici-types": {
      "version": "7.19.2",
      "resolved": "https://registry.npmjs.org/undici-types/-/undici-types-7.19.2.tgz",
      "integrity": "sha512-qYVnV5OEm2AW8cJMCpdV20CDyaN3g0AjDlOGf1OW4iaDEx8MwdtChUp4zu4H0VP3nDRF/8RKWH+IPp9uW0YGZg==",
      "dev": true,
      "license": "MIT"
    }
  }
}
