{
  "name": "agent",
  "version": "1.0.0",
  "lockfileVersion": 3,
  "requires": true,
  "packages": {
    "": {
      "name": "agent",
      "version": "1.0.0",
      "license": "ISC",
      "dependencies": {
        "@clerk/backend": "^1.34.0",
        "@mastra/auth-clerk": "^1.0.1",
        "@mastra/core": "^1.10.0",
        "@mastra/evals": "^1.1.2",
        "@mastra/libsql": "^1.6.4",
        "@mastra/loggers": "^1.0.2",
        "@mastra/memory": "^1.6.1",
        "@mastra/observability": "^1.3.1",
        "@mastra/pg": "^1.7.2",
        "zod": "^4.3.6"
      },
      "devDependencies": {
        "@types/node": "^24.12.2",
        "mastra": "^1.3.7",
        "typescript": "^5.9.3"
      },
      "engines": {
        "node": ">=22.13.0"
      }
    },
    "../../node_modules/.pnpm/@clerk+backend@1.34.0_react_0f390144908713c468f0827877b5978e/node_modules/@clerk/backend": {
      "version": "1.34.0",
      "license": "MIT",
      "dependencies": {
        "@clerk/shared": "^3.9.5",
        "@clerk/types": "^4.59.3",
        "cookie": "1.0.2",
        "snakecase-keys": "8.0.1",
        "tslib": "2.8.1"
      },
      "devDependencies": {
        "@edge-runtime/vm": "5.0.0",
        "msw": "2.8.4",
        "npm-run-all": "^4.1.5",
        "svix": "^1.65.0",
        "vitest-environment-miniflare": "2.14.4"
      },
      "engines": {
        "node": ">=18.17.0"
      },
      "peerDependencies": {
        "svix": "^1.62.0"
      },
      "peerDependenciesMeta": {
        "svix": {
          "optional": true
        }
      }
    },
    "../../node_modules/.pnpm/@mastra+auth-clerk@1.0.1_re_f386562b03d48fcf9275ebfaa9ecfd3f/node_modules/@mastra/auth-clerk": {
      "version": "1.0.1",
      "license": "Apache-2.0",
      "dependencies": {
        "@clerk/backend": "^1.34.0",
        "@mastra/auth": "1.0.1"
      },
      "devDependencies": {
        "@internal/lint": "0.0.66",
        "@internal/types-builder": "0.0.41",
        "@mastra/core": "1.10.0",
        "@types/node": "22.19.7",
        "@vitest/coverage-v8": "4.0.18",
        "@vitest/ui": "4.0.18",
        "eslint": "^9.37.0",
        "tsup": "^8.5.1",
        "typescript": "^5.9.3",
        "vitest": "4.0.18"
      },
      "engines": {
        "node": ">=22.13.0"
      }
    },
    "../../node_modules/.pnpm/@mastra+core@1.10.0_@standa_27a1e74d08b46a71357dd77c6899dc22/node_modules/@mastra/core": {
      "version": "1.10.0",
      "license": "Apache-2.0",
      "dependencies": {
        "@a2a-js/sdk": "~0.2.4",
        "@ai-sdk/provider-utils-v5": "npm:@ai-sdk/provider-utils@3.0.20",
        "@ai-sdk/provider-utils-v6": "npm:@ai-sdk/provider-utils@4.0.0",
        "@ai-sdk/provider-v5": "npm:@ai-sdk/provider@2.0.0",
        "@ai-sdk/provider-v6": "npm:@ai-sdk/provider@3.0.0",
        "@ai-sdk/ui-utils-v5": "npm:@ai-sdk/ui-utils@1.2.11",
        "@isaacs/ttlcache": "^2.1.4",
        "@lukeed/uuid": "^2.0.1",
        "@mastra/schema-compat": "1.1.3",
        "@modelcontextprotocol/sdk": "^1.17.5",
        "@sindresorhus/slugify": "^2.2.1",
        "dotenv": "^17.2.3",
        "execa": "^9.6.1",
        "gray-matter": "^4.0.3",
        "hono": "^4.11.9",
        "hono-openapi": "^1.1.1",
        "ignore": "^7.0.5",
        "js-tiktoken": "^1.0.21",
        "json-schema": "^0.4.0",
        "lru-cache": "^11.2.6",
        "p-map": "^7.0.4",
        "p-retry": "^7.1.1",
        "picomatch": "^4.0.3",
        "radash": "^12.1.1",
        "ws": "^8.19.0",
        "xxhash-wasm": "^1.1.0"
      },
      "devDependencies": {
        "@ai-sdk/anthropic-v5": "npm:@ai-sdk/anthropic@2.0.61",
        "@ai-sdk/azure": "^2.0.0",
        "@ai-sdk/cerebras-v5": "npm:@ai-sdk/cerebras@1.0.36",
        "@ai-sdk/deepinfra-v5": "npm:@ai-sdk/deepinfra@1.0.35",
        "@ai-sdk/deepseek-v5": "npm:@ai-sdk/deepseek@1.0.33",
        "@ai-sdk/google-v5": "npm:@ai-sdk/google@2.0.52",
        "@ai-sdk/groq-v5": "npm:@ai-sdk/groq@2.0.34",
        "@ai-sdk/mistral-v5": "npm:@ai-sdk/mistral@2.0.27",
        "@ai-sdk/openai": "^1.3.24",
        "@ai-sdk/openai-compatible-v5": "npm:@ai-sdk/openai-compatible@1.0.32",
        "@ai-sdk/openai-v5": "npm:@ai-sdk/openai@2.0.89",
        "@ai-sdk/openai-v6": "npm:@ai-sdk/openai@3.0.1",
        "@ai-sdk/perplexity-v5": "npm:@ai-sdk/perplexity@2.0.23",
        "@ai-sdk/provider-utils-v4": "npm:@ai-sdk/provider-utils@2.2.8",
        "@ai-sdk/provider-v4": "npm:@ai-sdk/provider@1.1.3",
        "@ai-sdk/togetherai-v5": "npm:@ai-sdk/togetherai@1.0.34",
        "@ai-sdk/xai-v5": "npm:@ai-sdk/xai@2.0.57",
        "@ast-grep/napi": "^0.40.0",
        "@babel/core": "^7.29.0",
        "@internal/ai-sdk-v4": "0.0.13",
        "@internal/ai-sdk-v5": "0.0.13",
        "@internal/ai-v6": "0.0.13",
        "@internal/external-types": "0.0.16",
        "@internal/lint": "0.0.66",
        "@internal/types-builder": "0.0.41",
        "@openrouter/ai-sdk-provider": "^0.4.6",
        "@openrouter/ai-sdk-provider-v5": "npm:@openrouter/ai-sdk-provider@1.2.3",
        "@types/babel__core": "^7.20.5",
        "@types/json-schema": "^7.0.15",
        "@types/node": "22.19.7",
        "@types/picomatch": "4.0.2",
        "@types/ws": "^8.18.1",
        "@vitest/coverage-v8": "4.0.18",
        "@vitest/ui": "4.0.18",
        "eslint": "^9.37.0",
        "fast-deep-equal": "^3.1.3",
        "globby": "^14.1.0",
        "rollup": "^4.55.2",
        "ts-morph": "^27.0.2",
        "tsup": "^8.5.1",
        "typescript": "^5.9.3",
        "vitest": "4.0.18",
        "vscode-jsonrpc": "^8.2.0",
        "vscode-languageserver-protocol": "^3.17.0",
        "zod": "^3.25.76"
      },
      "engines": {
        "node": ">=22.13.0"
      },
      "peerDependencies": {
        "zod": "^3.25.0 || ^4.0.0"
      }
    },
    "../../node_modules/.pnpm/@mastra+evals@1.1.2_@mastra_d61fa8e34b8e0120f3b787f9a642169c/node_modules/@mastra/evals": {
      "version": "1.1.2",
      "license": "Apache-2.0",
      "dependencies": {
        "compromise": "^14.14.5",
        "keyword-extractor": "^0.0.28",
        "sentiment": "^5.0.2",
        "string-similarity": "^4.0.4"
      },
      "devDependencies": {
        "@ai-sdk/openai": "^1.3.24",
        "@internal/lint": "0.0.60",
        "@internal/types-builder": "0.0.35",
        "@mastra/core": "1.5.0",
        "@types/sentiment": "^5.0.4",
        "@types/string-similarity": "^4.0.2",
        "@vitest/coverage-v8": "4.0.12",
        "@vitest/ui": "4.0.12",
        "dotenv": "^17.2.3",
        "eslint": "^9.37.0",
        "tsup": "^8.5.1",
        "typescript": "^5.9.3",
        "vitest": "4.0.16",
        "zod": "^3.25.76"
      },
      "engines": {
        "node": ">=22.13.0"
      },
      "peerDependencies": {
        "@mastra/core": ">=1.0.0-0 <2.0.0-0",
        "zod": "^3.25.0 || ^4.0.0"
      }
    },
    "../../node_modules/.pnpm/@mastra+libsql@1.6.4_@mastr_5816d5de0db9a87df67162ebc78e3895/node_modules/@mastra/libsql": {
      "version": "1.6.4",
      "license": "Apache-2.0",
      "dependencies": {
        "@libsql/client": "^0.15.15"
      },
      "devDependencies": {
        "@internal/lint": "0.0.66",
        "@internal/storage-test-utils": "0.0.62",
        "@internal/types-builder": "0.0.41",
        "@mastra/core": "1.10.0",
        "@types/node": "22.19.7",
        "@vitest/coverage-v8": "4.0.18",
        "@vitest/ui": "4.0.18",
        "eslint": "^9.37.0",
        "tsup": "^8.5.1",
        "typescript": "^5.9.3",
        "vitest": "4.0.18"
      },
      "engines": {
        "node": ">=22.13.0"
      },
      "peerDependencies": {
        "@mastra/core": ">=1.0.0-0 <2.0.0-0"
      }
    },
    "../../node_modules/.pnpm/@mastra+loggers@1.0.2_@mast_5c00b5b9f3ec21848163c27e1f7749c5/node_modules/@mastra/loggers": {
      "version": "1.0.2",
      "license": "Apache-2.0",
      "dependencies": {
        "pino": "^10.1.0",
        "pino-pretty": "^13.1.3"
      },
      "devDependencies": {
        "@internal/lint": "0.0.60",
        "@internal/types-builder": "0.0.35",
        "@mastra/core": "1.5.0",
        "@types/node": "22.19.7",
        "@vitest/coverage-v8": "4.0.12",
        "@vitest/ui": "4.0.12",
        "eslint": "^9.37.0",
        "tsup": "^8.5.1",
        "typescript": "^5.9.3",
        "vitest": "4.0.16"
      },
      "engines": {
        "node": ">=22.13.0"
      },
      "peerDependencies": {
        "@mastra/core": ">=1.0.0-0 <2.0.0-0"
      }
    },
    "../../node_modules/.pnpm/@mastra+memory@1.6.1_@mastr_297332fd393828d906e13810d10eeeeb/node_modules/@mastra/memory": {
      "version": "1.6.1",
      "license": "Apache-2.0",
      "dependencies": {
        "@mastra/schema-compat": "1.1.3",
        "async-mutex": "^0.5.0",
        "js-tiktoken": "^1.0.21",
        "json-schema": "^0.4.0",
        "lru-cache": "^11.2.6",
        "xxhash-wasm": "^1.1.0"
      },
      "devDependencies": {
        "@ai-sdk/openai": "^1.3.24",
        "@ai-sdk/openai-v5": "npm:@ai-sdk/openai@2.0.89",
        "@internal/ai-sdk-v4": "0.0.13",
        "@internal/ai-sdk-v5": "0.0.13",
        "@internal/ai-v6": "0.0.13",
        "@internal/lint": "0.0.66",
        "@internal/types-builder": "0.0.41",
        "@mastra/core": "1.10.0",
        "@types/json-schema": "^7.0.15",
        "@types/lru-cache": "^7.10.10",
        "@types/node": "22.19.7",
        "@vitest/coverage-v8": "4.0.18",
        "@vitest/ui": "4.0.18",
        "eslint": "^9.37.0",
        "tsup": "^8.5.1",
        "typescript": "^5.9.3",
        "typescript-eslint": "^8.51.0",
        "vitest": "4.0.18"
      },
      "engines": {
        "node": ">=22.13.0"
      },
      "peerDependencies": {
        "@mastra/core": ">=1.4.1-0 <2.0.0-0",
        "zod": "^3.25.0 || ^4.0.0"
      }
    },
    "../../node_modules/.pnpm/@mastra+observability@1.3.1_29e9e7104fd022c82514e2d5f3b49388/node_modules/@mastra/observability": {
      "version": "1.3.1",
      "license": "Apache-2.0",
      "devDependencies": {
        "@internal/ai-sdk-v4": "0.0.13",
        "@internal/ai-sdk-v5": "0.0.13",
        "@internal/lint": "0.0.66",
        "@internal/types-builder": "0.0.41",
        "@mastra/core": "1.10.0",
        "@types/node": "22.19.7",
        "@vitest/coverage-v8": "4.0.18",
        "@vitest/ui": "4.0.18",
        "eslint": "^9.37.0",
        "tsup": "^8.5.1",
        "typescript": "^5.9.3",
        "vitest": "4.0.18",
        "zod": "^3.25.76"
      },
      "engines": {
        "node": ">=22.13.0"
      },
      "peerDependencies": {
        "@mastra/core": ">=1.9.0-0 <2.0.0-0"
      }
    },
    "../../node_modules/.pnpm/@mastra+pg@1.7.2_@mastra+co_95da8748af63147b7ee518b24024b213/node_modules/@mastra/pg": {
      "version": "1.7.2",
      "license": "Apache-2.0",
      "dependencies": {
        "async-mutex": "^0.5.0",
        "pg": "^8.16.3",
        "xxhash-wasm": "^1.1.0"
      },
      "devDependencies": {
        "@internal/lint": "0.0.66",
        "@internal/storage-test-utils": "0.0.62",
        "@internal/types-builder": "0.0.41",
        "@mastra/core": "1.10.0",
        "@types/node": "22.19.7",
        "@types/pg": "^8.16.0",
        "@vitest/coverage-v8": "4.0.18",
        "@vitest/ui": "4.0.18",
        "eslint": "^9.37.0",
        "tsup": "^8.5.1",
        "typescript": "^5.9.3",
        "vitest": "4.0.18"
      },
      "engines": {
        "node": ">=22.13.0"
      },
      "peerDependencies": {
        "@mastra/core": ">=1.4.0-0 <2.0.0-0"
      }
    },
    "../../node_modules/.pnpm/mastra@1.3.7_@mastra+core@1_dbf3cf2cce2b280f320c9fe992a6fd8e/node_modules/mastra": {
      "version": "1.3.7",
      "dev": true,
      "license": "Apache-2.0",
      "dependencies": {
        "@clack/prompts": "^1.0.1",
        "@expo/devcert": "^1.2.1",
        "@mastra/deployer": "^1.10.0",
        "@mastra/loggers": "^1.0.2",
        "commander": "^14.0.3",
        "dotenv": "^17.2.3",
        "execa": "^9.6.1",
        "fs-extra": "^11.3.3",
        "get-port": "^7.1.0",
        "local-pkg": "^1.1.2",
        "picocolors": "^1.1.1",
        "posthog-node": "5.17.2",
        "prettier": "^3.7.4",
        "semver": "^7.7.4",
        "serve": "^14.2.5",
        "serve-handler": "^6.1.6",
        "shell-quote": "^1.8.3",
        "strip-json-comments": "^5.0.3",
        "yocto-spinner": "^1.0.0"
      },
      "bin": {
        "mastra": "dist/index.js"
      },
      "devDependencies": {
        "@commander-js/extra-typings": "^14.0.0",
        "@internal/lint": "0.0.66",
        "@internal/playground": "1.3.7",
        "@internal/types-builder": "0.0.41",
        "@mastra/core": "1.10.0",
        "@types/fs-extra": "^11.0.4",
        "@types/node": "22.19.7",
        "@types/semver": "^7.7.1",
        "@types/serve-handler": "^6.1.4",
        "@types/shell-quote": "^1.7.5",
        "@vitest/coverage-v8": "4.0.18",
        "@vitest/ui": "4.0.18",
        "eslint": "^9.37.0",
        "memfs": "^4.51.1",
        "rollup": "^4.55.2",
        "tsup": "^8.5.1",
        "type-fest": "^5.3.1",
        "typescript": "^5.9.3",
        "vitest": "4.0.18"
      },
      "engines": {
        "node": ">=22.13.0"
      },
      "peerDependencies": {
        "@mastra/core": ">=1.1.0-0 <2.0.0-0",
        "zod": "^3.25.0 || ^4.0.0"
      }
    },
    "../../node_modules/.pnpm/typescript@5.9.3/node_modules/typescript": {
      "version": "5.9.3",
      "dev": true,
      "license": "Apache-2.0",
      "bin": {
        "tsc": "bin/tsc",
        "tsserver": "bin/tsserver"
      },
      "devDependencies": {
        "@dprint/formatter": "^0.4.1",
        "@dprint/typescript": "0.93.4",
        "@esfx/canceltoken": "^1.0.0",
        "@eslint/js": "^9.20.0",
        "@octokit/rest": "^21.1.1",
        "@types/chai": "^4.3.20",
        "@types/diff": "^7.0.1",
        "@types/minimist": "^1.2.5",
        "@types/mocha": "^10.0.10",
        "@types/ms": "^0.7.34",
        "@types/node": "latest",
        "@types/source-map-support": "^0.5.10",
        "@types/which": "^3.0.4",
        "@typescript-eslint/rule-tester": "^8.24.1",
        "@typescript-eslint/type-utils": "^8.24.1",
        "@typescript-eslint/utils": "^8.24.1",
        "azure-devops-node-api": "^14.1.0",
        "c8": "^10.1.3",
        "chai": "^4.5.0",
        "chokidar": "^4.0.3",
        "diff": "^7.0.0",
        "dprint": "^0.49.0",
        "esbuild": "^0.25.0",
        "eslint": "^9.20.1",
        "eslint-formatter-autolinkable-stylish": "^1.4.0",
        "eslint-plugin-regexp": "^2.7.0",
        "fast-xml-parser": "^4.5.2",
        "glob": "^10.4.5",
        "globals": "^15.15.0",
        "hereby": "^1.10.0",
        "jsonc-parser": "^3.3.1",
        "knip": "^5.44.4",
        "minimist": "^1.2.8",
        "mocha": "^10.8.2",
        "mocha-fivemat-progress-reporter": "^0.1.0",
        "monocart-coverage-reports": "^2.12.1",
        "ms": "^2.1.3",
        "picocolors": "^1.1.1",
        "playwright": "^1.50.1",
        "source-map-support": "^0.5.21",
        "tslib": "^2.8.1",
        "typescript": "^5.7.3",
        "typescript-eslint": "^8.24.1",
        "which": "^3.0.1"
      },
      "engines": {
        "node": ">=14.17"
      }
    },
    "../../node_modules/.pnpm/zod@4.3.6/node_modules/zod": {
      "version": "4.3.6",
      "license": "MIT",
      "funding": {
        "url": "https://github.com/sponsors/colinhacks"
      }
    },
    "node_modules/@clerk/backend": {
      "resolved": "../../node_modules/.pnpm/@clerk+backend@1.34.0_react_0f390144908713c468f0827877b5978e/node_modules/@clerk/backend",
      "link": true
    },
    "node_modules/@mastra/auth-clerk": {
      "resolved": "../../node_modules/.pnpm/@mastra+auth-clerk@1.0.1_re_f386562b03d48fcf9275ebfaa9ecfd3f/node_modules/@mastra/auth-clerk",
      "link": true
    },
    "node_modules/@mastra/core": {
      "resolved": "../../node_modules/.pnpm/@mastra+core@1.10.0_@standa_27a1e74d08b46a71357dd77c6899dc22/node_modules/@mastra/core",
      "link": true
    },
    "node_modules/@mastra/evals": {
      "resolved": "../../node_modules/.pnpm/@mastra+evals@1.1.2_@mastra_d61fa8e34b8e0120f3b787f9a642169c/node_modules/@mastra/evals",
      "link": true
    },
    "node_modules/@mastra/libsql": {
      "resolved": "../../node_modules/.pnpm/@mastra+libsql@1.6.4_@mastr_5816d5de0db9a87df67162ebc78e3895/node_modules/@mastra/libsql",
      "link": true
    },
    "node_modules/@mastra/loggers": {
      "resolved": "../../node_modules/.pnpm/@mastra+loggers@1.0.2_@mast_5c00b5b9f3ec21848163c27e1f7749c5/node_modules/@mastra/loggers",
      "link": true
    },
    "node_modules/@mastra/memory": {
      "resolved": "../../node_modules/.pnpm/@mastra+memory@1.6.1_@mastr_297332fd393828d906e13810d10eeeeb/node_modules/@mastra/memory",
      "link": true
    },
    "node_modules/@mastra/observability": {
      "resolved": "../../node_modules/.pnpm/@mastra+observability@1.3.1_29e9e7104fd022c82514e2d5f3b49388/node_modules/@mastra/observability",
      "link": true
    },
    "node_modules/@mastra/pg": {
      "resolved": "../../node_modules/.pnpm/@mastra+pg@1.7.2_@mastra+co_95da8748af63147b7ee518b24024b213/node_modules/@mastra/pg",
      "link": true
    },
    "node_modules/@types/node": {
      "version": "24.12.2",
      "resolved": "https://registry.npmjs.org/@types/node/-/node-24.12.2.tgz",
      "integrity": "sha512-A1sre26ke7HDIuY/M23nd9gfB+nrmhtYyMINbjI1zHJxYteKR6qSMX56FsmjMcDb3SMcjJg5BiRRgOCC/yBD0g==",
      "dev": true,
      "license": "MIT",
      "dependencies": {
        "undici-types": "~7.16.0"
      }
    },
    "node_modules/mastra": {
      "resolved": "../../node_modules/.pnpm/mastra@1.3.7_@mastra+core@1_dbf3cf2cce2b280f320c9fe992a6fd8e/node_modules/mastra",
      "link": true
    },
    "node_modules/typescript": {
      "resolved": "../../node_modules/.pnpm/typescript@5.9.3/node_modules/typescript",
      "link": true
    },
    "node_modules/undici-types": {
      "version": "7.16.0",
      "resolved": "https://registry.npmjs.org/undici-types/-/undici-types-7.16.0.tgz",
      "integrity": "sha512-Zz+aZWSj8LE6zoxD+xrjh4VfkIG8Ya6LvYkZqtUQGJPZjYl53ypCaUwWqo7eI0x66KBGeRo+mlBEkMSeSZ38Nw==",
      "dev": true,
      "license": "MIT"
    },
    "node_modules/zod": {
      "resolved": "../../node_modules/.pnpm/zod@4.3.6/node_modules/zod",
      "link": true
    }
  }
}
